
Microsoft Visual Studio Solution File, Format Version 12.00
# Visual Studio Version 16
VisualStudioVersion = 16.0.29306.81
MinimumVisualStudioVersion = 10.0.40219.1
Project("{FAE04EC0-301F-11D3-BF4B-00C04F79EFBC}") = "MVC-Football-Picks", "MVC-Football-Picks\MVC-Football-Picks.csproj", "{3A6C956B-B48C-4BD2-80B5-81C80D093F29}"
EndProject
Global
	GlobalSection(SolutionConfigurationPlatforms) = preSolution
		Debug|Any CPU = Debug|Any CPU
		Release|Any CPU = Release|Any CPU
	EndGlobalSection
	GlobalSection(ProjectConfigurationPlatforms) = postSolution
		{3A6C956B-B48C-4BD2-80B5-81C80D093F29}.Debug|Any CPU.ActiveCfg = Debug|Any CPU
		{3A6C956B-B48C-4BD2-80B5-81C80D093F29}.Debug|Any CPU.Build.0 = Debug|Any CPU
		{3A6C956B-B48C-4BD2-80B5-81C80D093F29}.Release|Any CPU.ActiveCfg = Release|Any CPU
		{3A6C956B-B48C-4BD2-80B5-81C80D093F29}.Release|Any CPU.Build.0 = Release|Any CPU
	EndGlobalSection
	GlobalSection(SolutionProperties) = preSolution
		HideSolutionNode = FALSE
	EndGlobalSection
	GlobalSection(ExtensibilityGlobals) = postSolution
		SolutionGuid = {A76A4690-5045-40C5-B36E-AEC58D9DCE0B}
	EndGlobalSection
EndGlobal
